# THIS IS AN AUTOGENERATED FILE. DO NOT EDIT THIS FILE DIRECTLY.
# yarn lockfile v1


"@babel/runtime-corejs2@^7.0.0":
  version "7.14.6"
  resolved "https://registry.yarnpkg.com/@babel/runtime-corejs2/-/runtime-corejs2-7.14.6.tgz#e5d3a1a5a08f4498734dd3701af4fd18dd8677b5"
  integrity sha512-wICJNTtKkM0sB/Oip84Ul8W2lqMj/5eG5JsfgjfRnO69ucvSrwmVr2M2sS6ysV8s13EXwicEM0SuGRuFkvvbnQ==
  dependencies:
    core-js "^2.6.5"
    regenerator-runtime "^0.13.4"

"@babel/runtime@^7.12.5":
  version "7.14.6"
  resolved "https://registry.yarnpkg.com/@babel/runtime/-/runtime-7.14.6.tgz#535203bc0892efc7dec60bdc27b2ecf6e409062d"
  integrity sha512-/PCB2uJ7oM44tz8YhC4Z/6PeOKXp4K588f+5M3clr1M4zbqztlo0XEfJ2LEzj/FgwfgGcIdl8n7YYjTCI0BYwg==
  dependencies:
    regenerator-runtime "^0.13.4"

"@monaco-editor/loader@^1.1.1":
  version "1.1.1"
  resolved "https://registry.yarnpkg.com/@monaco-editor/loader/-/loader-1.1.1.tgz#37db648c81a86946d0febd391de00df9c28a0a3d"
  integrity sha512-mkT4r4xDjIyOG9o9M6rJDSzEIeonwF80sYErxEvAAL4LncFVdcbNli8Qv6NDqF6nyv6sunuKkDzo4iFjxPL+uQ==
  dependencies:
    state-local "^1.0.6"

"@types/emscripten@*":
  version "1.39.4"
  resolved "https://registry.yarnpkg.com/@types/emscripten/-/emscripten-1.39.4.tgz#d61990c0cee72c4e475de737a140b51fe925a2c8"
  integrity sha512-k3LLVMFrdNA9UCvMDPWMbFrGPNb+GcPyw29ktJTo1RCN7RmxFG5XzPZcPKRlnLuLT/FRm8wp4ohvDwNY7GlROQ==

"@types/node@*":
  version "15.12.4"
  resolved "https://registry.yarnpkg.com/@types/node/-/node-15.12.4.tgz#e1cf817d70a1e118e81922c4ff6683ce9d422e26"
  integrity sha512-zrNj1+yqYF4WskCMOHwN+w9iuD12+dGm0rQ35HLl9/Ouuq52cEtd0CH9qMgrdNmi5ejC1/V7vKEXYubB+65DkA==

"@types/prop-types@*":
  version "15.7.3"
  resolved "https://registry.yarnpkg.com/@types/prop-types/-/prop-types-15.7.3.tgz#2ab0d5da2e5815f94b0b9d4b95d1e5f243ab2ca7"
  integrity sha512-KfRL3PuHmqQLOG+2tGpRO26Ctg+Cq1E01D2DMriKEATHgWLfeNDmq9e29Q9WIky0dQ3NPkd1mzYH8Lm936Z9qw==

"@types/react-dom@^17.0.8":
  version "17.0.8"
  resolved "https://registry.yarnpkg.com/@types/react-dom/-/react-dom-17.0.8.tgz#3180de6d79bf53762001ad854e3ce49f36dd71fc"
  integrity sha512-0ohAiJAx1DAUEcY9UopnfwCE9sSMDGnY/oXjWMax6g3RpzmTt2GMyMVAXcbn0mo8XAff0SbQJl2/SBU+hjSZ1A==
  dependencies:
    "@types/react" "*"

"@types/react@*", "@types/react@^17.0.0", "@types/react@^17.0.11":
  version "17.0.11"
  resolved "https://registry.yarnpkg.com/@types/react/-/react-17.0.11.tgz#67fcd0ddbf5a0b083a0f94e926c7d63f3b836451"
  integrity sha512-yFRQbD+whVonItSk7ZzP/L+gPTJVBkL/7shLEF+i9GC/1cV3JmUxEQz6+9ylhUpWSDuqo1N9qEvqS6vTj4USUA==
  dependencies:
    "@types/prop-types" "*"
    "@types/scheduler" "*"
    csstype "^3.0.2"

"@types/scheduler@*":
  version "0.16.1"
  resolved "https://registry.yarnpkg.com/@types/scheduler/-/scheduler-0.16.1.tgz#18845205e86ff0038517aab7a18a62a6b9f71275"
  integrity sha512-EaCxbanVeyxDRTQBkdLb3Bvl/HK7PBK6UJjsSixB0iHKoWxE5uu2Q/DgtpOhPIojN0Zl1whvOd7PoHs2P0s5eA==

"@types/sql.js@^1.4.2":
  version "1.4.2"
  resolved "https://registry.yarnpkg.com/@types/sql.js/-/sql.js-1.4.2.tgz#7bf4f9ec12013f48d23d77f42fe0945b37ac8808"
  integrity sha512-3Mq6KcJp+1qJ6FfE7c16oNZcgGrPiUZWj8DSePRRZQCPhi4vawX/thGCzwqIg59tOCjdQI1eMC+pLk9FLfTXwQ==
  dependencies:
    "@types/emscripten" "*"
    "@types/node" "*"

balanced-match@^1.0.0:
  version "1.0.2"
  resolved "https://registry.yarnpkg.com/balanced-match/-/balanced-match-1.0.2.tgz#e83e3a7e3f300b34cb9d87f615fa0cbf357690ee"
  integrity sha512-3oSeUO0TMV67hN1AmbXsK4yaqU7tjiHlbxRDZOpH0KW9+CeX4bRAaX0Anxt0tx2MrpRpWwQaPwIlISEJhYU5Pw==

bl@^2.0.1:
  version "2.2.1"
  resolved "https://registry.yarnpkg.com/bl/-/bl-2.2.1.tgz#8c11a7b730655c5d56898cdc871224f40fd901d5"
  integrity sha512-6Pesp1w0DEX1N550i/uGV/TqucVL4AM/pgThFSN/Qq9si1/DF9aIHs1BxD8V/QU0HoeHO6cQRTAuYnLPKq1e4g==
  dependencies:
    readable-stream "^2.3.5"
    safe-buffer "^5.1.1"

bluebird@^3.0.6:
  version "3.7.2"
  resolved "https://registry.yarnpkg.com/bluebird/-/bluebird-3.7.2.tgz#9f229c15be272454ffa973ace0dbee79a1b0c36f"
  integrity sha512-XpNj6GDQzdfW+r2Wnn7xiSAd7TM3jzkxGXBGTtWKuSXv1xUV+azxAm8jdWZN06QTQk+2N2XB9jRDkvbmQmcRtg==

brace-expansion@^1.1.7:
  version "1.1.11"
  resolved "https://registry.yarnpkg.com/brace-expansion/-/brace-expansion-1.1.11.tgz#3c7fcbf529d87226f3d2f52b966ff5271eb441dd"
  integrity sha512-iCuPHDFgrHX7H2vEI/5xpz07zSHB00TpugqhmYtVmMO6518mCuRMoOYFldEBl0g187ufozdaHgWKcYFb61qGiA==
  dependencies:
    balanced-match "^1.0.0"
    concat-map "0.0.1"

color-convert@^1.9.1:
  version "1.9.3"
  resolved "https://registry.yarnpkg.com/color-convert/-/color-convert-1.9.3.tgz#bb71850690e1f136567de629d2d5471deda4c1e8"
  integrity sha512-QfAUtd+vFdAtFQcC8CCyYt1fYWxSqAiK2cSD6zDB8N3cpsEBAvRxp9zOGg6G/SHHJYAT88/az/IuDGALsNVbGg==
  dependencies:
    color-name "1.1.3"

color-name@1.1.3:
  version "1.1.3"
  resolved "https://registry.yarnpkg.com/color-name/-/color-name-1.1.3.tgz#a7d0558bd89c42f795dd42328f740831ca53bc25"
  integrity sha1-p9BVi9icQveV3UIyj3QIMcpTvCU=

color-name@^1.0.0:
  version "1.1.4"
  resolved "https://registry.yarnpkg.com/color-name/-/color-name-1.1.4.tgz#c2a09a87acbde69543de6f63fa3995c826c536a2"
  integrity sha512-dOy+3AuW3a2wNbZHIuMZpTcgjGuLU/uBL/ubcZF9OXbDo8ff4O8yVp5Bf0efS8uEoYo5q4Fx7dY9OgQGXgAsQA==

color-string@^1.5.4:
  version "1.5.5"
  resolved "https://registry.yarnpkg.com/color-string/-/color-string-1.5.5.tgz#65474a8f0e7439625f3d27a6a19d89fc45223014"
  integrity sha512-jgIoum0OfQfq9Whcfc2z/VhCNcmQjWbey6qBX0vqt7YICflUmBCh9E9CiQD5GSJ+Uehixm3NUwHVhqUAWRivZg==
  dependencies:
    color-name "^1.0.0"
    simple-swizzle "^0.2.2"

color@^3.1.3:
  version "3.1.3"
  resolved "https://registry.yarnpkg.com/color/-/color-3.1.3.tgz#ca67fb4e7b97d611dcde39eceed422067d91596e"
  integrity sha512-xgXAcTHa2HeFCGLE9Xs/R82hujGtu9Jd9x4NW3T34+OMs7VoPsjwzRczKHvTAHeJwWFwX5j15+MgAppE8ztObQ==
  dependencies:
    color-convert "^1.9.1"
    color-string "^1.5.4"

colorette@^1.2.2:
  version "1.2.2"
  resolved "https://registry.yarnpkg.com/colorette/-/colorette-1.2.2.tgz#cbcc79d5e99caea2dbf10eb3a26fd8b3e6acfa94"
  integrity sha512-MKGMzyfeuutC/ZJ1cba9NqcNpfeqMUcYmyF1ZFY6/Cn7CNSAKx6a+s48sqLqyAiZuaP2TcqMhoo+dlwFnVxT9w==

commander@^4.0.0:
  version "4.1.1"
  resolved "https://registry.yarnpkg.com/commander/-/commander-4.1.1.tgz#9fd602bd936294e9e9ef46a3f4d6964044b18068"
  integrity sha512-NOKm8xhkzAjzFx8B2v5OAHT+u5pRQc2UCa2Vq9jYL/31o2wi9mxBA7LIFs3sV5VSC49z6pEhfbMULvShKj26WA==

concat-map@0.0.1:
  version "0.0.1"
  resolved "https://registry.yarnpkg.com/concat-map/-/concat-map-0.0.1.tgz#d8a96bd77fd68df7793a73036a3ba0d5405d477b"
  integrity sha1-2Klr13/Wjfd5OnMDajug1UBdR3s=

core-js@^2.6.5:
  version "2.6.12"
  resolved "https://registry.yarnpkg.com/core-js/-/core-js-2.6.12.tgz#d9333dfa7b065e347cc5682219d6f690859cc2ec"
  integrity sha512-Kb2wC0fvsWfQrgk8HU5lW6U/Lcs8+9aaYcy4ZFc6DDlo4nZ7n70dEgE5rtR0oG6ufKDUnrwfWL1mXR5ljDatrQ==

core-util-is@~1.0.0:
  version "1.0.2"
  resolved "https://registry.yarnpkg.com/core-util-is/-/core-util-is-1.0.2.tgz#b5fd54220aa2bc5ab57aab7140c940754503c1a7"
  integrity sha1-tf1UIgqivFq1eqtxQMlAdUUDwac=

create-hook-context@^1.0.0:
  version "1.0.0"
  resolved "https://registry.yarnpkg.com/create-hook-context/-/create-hook-context-1.0.0.tgz#ec0d9d3d47e68c2e86d736249c49ffcfd951e58e"
  integrity sha512-MiDm2pWTyvUqnh4Oa3HFS457ewk3hxb5OAlq0exGm5zMA2J+ykQZP/dSN5NfJWak2VVsWSuASYQuHP7cjXPIHw==

csstype@^3.0.2:
  version "3.0.8"
  resolved "https://registry.yarnpkg.com/csstype/-/csstype-3.0.8.tgz#d2266a792729fb227cd216fb572f43728e1ad340"
  integrity sha512-jXKhWqXPmlUeoQnF/EhTtTl4C9SnrxSH/jZUih3jmO6lBKr99rP3/+FmrMj4EFpOXzMtXHAZkd3x0E6h6Fgflw==

deepmerge@^4.2.2:
  version "4.2.2"
  resolved "https://registry.yarnpkg.com/deepmerge/-/deepmerge-4.2.2.tgz#44d2ea3679b8f4d4ffba33f03d865fc1e7bf4955"
  integrity sha512-FJ3UgI4gIl+PHZm53knsuSFpE+nESMr7M4v9QcgB7S63Kj/6WqMiFQJpBBYz1Pt+66bZpP3Q7Lye0Oo9MPKEdg==

dequal@^2.0.2:
  version "2.0.2"
  resolved "https://registry.yarnpkg.com/dequal/-/dequal-2.0.2.tgz#85ca22025e3a87e65ef75a7a437b35284a7e319d"
  integrity sha512-q9K8BlJVxK7hQYqa6XISGmBZbtQQWVXSrRrWreHC94rMt1QL/Impruc+7p2CYSYuVIUr+YCt6hjrs1kkdJRTug==

dot-object@^2.1.4:
  version "2.1.4"
  resolved "https://registry.yarnpkg.com/dot-object/-/dot-object-2.1.4.tgz#c6c54e9fca510b4d0ea4d65acf33726963843b5f"
  integrity sha512-7FXnyyCLFawNYJ+NhkqyP9Wd2yzuo+7n9pGiYpkmXCTYa8Ci2U0eUNDVg5OuO5Pm6aFXI2SWN8/N/w7SJWu1WA==
  dependencies:
    commander "^4.0.0"
    glob "^7.1.5"

esbuild@^0.12.8:
  version "0.12.9"
  resolved "https://registry.yarnpkg.com/esbuild/-/esbuild-0.12.9.tgz#bed4e7087c286cd81d975631f77d47feb1660070"
  integrity sha512-MWRhAbMOJ9RJygCrt778rz/qNYgA4ZVj6aXnNPxFjs7PmIpb0fuB9Gmg5uWrr6n++XKwwm/RmSz6RR5JL2Ocsw==

fast-plist@^0.1.2:
  version "0.1.2"
  resolved "https://registry.yarnpkg.com/fast-plist/-/fast-plist-0.1.2.tgz#a45aff345196006d406ca6cdcd05f69051ef35b8"
  integrity sha1-pFr/NFGWAG1AbKbNzQX2kFHvNbg=

fs.realpath@^1.0.0:
  version "1.0.0"
  resolved "https://registry.yarnpkg.com/fs.realpath/-/fs.realpath-1.0.0.tgz#1504ad2523158caa40db4a2787cb01411994ea4f"
  integrity sha1-FQStJSMVjKpA20onh8sBQRmU6k8=

fsevents@~2.3.2:
  version "2.3.2"
  resolved "https://registry.yarnpkg.com/fsevents/-/fsevents-2.3.2.tgz#8a526f78b8fdf4623b709e0b975c52c24c02fd1a"
  integrity sha512-xiqMQR4xAeHTuB9uWm+fFRcIOgKBMiOBP+eXiyT7jsgVCq1bkVygt00oASowB7EdtpOHaaPgKt812P9ab+DDKA==

function-bind@^1.1.1:
  version "1.1.1"
  resolved "https://registry.yarnpkg.com/function-bind/-/function-bind-1.1.1.tgz#a56899d3ea3c9bab874bb9773b7c5ede92f4895d"
  integrity sha512-yIovAzMX49sF8Yl58fSCWJ5svSLuaibPxXQJFLmBObTuCr0Mf1KiPopGM9NiFjiYBCbfaa2Fh6breQ6ANVTI0A==

glob@^7.1.5:
  version "7.1.7"
  resolved "https://registry.yarnpkg.com/glob/-/glob-7.1.7.tgz#3b193e9233f01d42d0b3f78294bbeeb418f94a90"
  integrity sha512-OvD9ENzPLbegENnYP5UUfJIirTg4+XwMWGaQfQTY0JenxNvvIKP3U3/tAQSPIu/lHxXYSZmpXlUHeqAIdKzBLQ==
  dependencies:
    fs.realpath "^1.0.0"
    inflight "^1.0.4"
    inherits "2"
    minimatch "^3.0.4"
    once "^1.3.0"
    path-is-absolute "^1.0.0"

graphql-language-service-interface@^2.8.2:
  version "2.8.4"
  resolved "https://registry.yarnpkg.com/graphql-language-service-interface/-/graphql-language-service-interface-2.8.4.tgz#3ff31754e9b295b1abc26b97d286c00835aacff0"
  integrity sha512-myW8z7HOZkYfhYGKDc0URFkTZChp41Po890W92zuBIhGccckgtiWSJGXaLX+r9QAwVIeZhKaNgEacsyvQb1f/g==
  dependencies:
    graphql-language-service-parser "^1.9.0"
    graphql-language-service-types "^1.8.0"
    graphql-language-service-utils "^2.5.1"
    vscode-languageserver-types "^3.15.1"

graphql-language-service-parser@^1.9.0:
  version "1.9.2"
  resolved "https://registry.yarnpkg.com/graphql-language-service-parser/-/graphql-language-service-parser-1.9.2.tgz#b2dc45620cb6b9bac8ac175c197c77f0ff12d679"
  integrity sha512-3txms73cJsXDfJQdR5hI83N2rpTuq9FD6aijdrXAeSuI5B60g32DxjelUkt4Ge+2BvBEDLn5ppXlpVYDC9UQHQ==
  dependencies:
    graphql-language-service-types "^1.8.0"

graphql-language-service-types@^1.6.3, graphql-language-service-types@^1.8.0:
  version "1.8.2"
  resolved "https://registry.yarnpkg.com/graphql-language-service-types/-/graphql-language-service-types-1.8.2.tgz#50ae56f69cc24fcfc3daa129b68b0eb9421e8578"
  integrity sha512-Sj07RHnMwAhEvAt7Jdt1l/x56ZpoNh+V6g+T58CF6GiYqI5l4vXqqRB4d4xHDcNQX98GpJfnf3o8BqPgP3C5Sw==

graphql-language-service-utils@^2.5.1:
  version "2.5.3"
  resolved "https://registry.yarnpkg.com/graphql-language-service-utils/-/graphql-language-service-utils-2.5.3.tgz#185f4f65cf8c010871eb9405452a3a0bfdf88748"
  integrity sha512-ydevEZ0AgzEKQF3hiCbLXuS0o7189Ww/T30WtCKCLaRHDYk9Yyb2PZWdhSTWLxYZTaX2TccV6NtFWvzIC7UP3g==
  dependencies:
    graphql-language-service-types "^1.8.0"
    nullthrows "^1.0.0"

graphql-language-service@^3.0.4:
  version "3.1.4"
  resolved "https://registry.yarnpkg.com/graphql-language-service/-/graphql-language-service-3.1.4.tgz#ca8698f70e9923e3267e3d457228bc55a7dd75f9"
  integrity sha512-AF98AT4wLxkE9q1gRf20Yn0EPgd5SctRiw1IkGFivPr98pEX0sKqUcIcIHePn2mxqf73jlWUJV5v6l/CB1gdqQ==
  dependencies:
    graphql-language-service-interface "^2.8.2"
    graphql-language-service-types "^1.8.0"

has@^1.0.3:
  version "1.0.3"
  resolved "https://registry.yarnpkg.com/has/-/has-1.0.3.tgz#722d7cbfc1f6aa8241f16dd814e011e1f41e8796"
  integrity sha512-f2dvO0VU6Oej7RkWJGrehjbzMAjFp5/VKPp5tTpWIV4JHHZK1/BxbFRtf/siA2SWTe09caDmVtYYzWEIbBS4zw==
  dependencies:
    function-bind "^1.1.1"

inflight@^1.0.4:
  version "1.0.6"
  resolved "https://registry.yarnpkg.com/inflight/-/inflight-1.0.6.tgz#49bd6331d7d02d0c09bc910a1075ba8165b56df9"
  integrity sha1-Sb1jMdfQLQwJvJEKEHW6gWW1bfk=
  dependencies:
    once "^1.3.0"
    wrappy "1"

inherits@2, inherits@^2.0.3, inherits@~2.0.3:
  version "2.0.4"
  resolved "https://registry.yarnpkg.com/inherits/-/inherits-2.0.4.tgz#0fa2c64f932917c3433a0ded55363aae37416b7c"
  integrity sha512-k/vGaX4/Yla3WzyMCvTQOXYeIHvqOKtnqBduzTHpzpQZzAskKMhZ2K+EnBiSM9zGSoIFeMpXKxa4dYeZIQqewQ==

is-arrayish@^0.3.1:
  version "0.3.2"
  resolved "https://registry.yarnpkg.com/is-arrayish/-/is-arrayish-0.3.2.tgz#4574a2ae56f7ab206896fb431eaeed066fdf8f03"
  integrity sha512-eVRqCvVlZbuw3GrM63ovNSNAeA1K16kaR/LRY/92w0zxQ5/1YzwblUX652i4Xs9RwAGjW9d9y6X88t8OaAJfWQ==

is-core-module@^2.2.0:
  version "2.4.0"
  resolved "https://registry.yarnpkg.com/is-core-module/-/is-core-module-2.4.0.tgz#8e9fc8e15027b011418026e98f0e6f4d86305cc1"
  integrity sha512-6A2fkfq1rfeQZjxrZJGerpLCTHRNEBiSgnu0+obeJpEPZRUooHgsizvzv0ZjJwOz3iWIHdJtVWJ/tmPr3D21/A==
  dependencies:
    has "^1.0.3"

isarray@~1.0.0:
  version "1.0.0"
  resolved "https://registry.yarnpkg.com/isarray/-/isarray-1.0.0.tgz#bb935d48582cba168c06834957a54a3e07124f11"
  integrity sha1-u5NdSFgsuhaMBoNJV6VKPgcSTxE=

"js-tokens@^3.0.0 || ^4.0.0":
  version "4.0.0"
  resolved "https://registry.yarnpkg.com/js-tokens/-/js-tokens-4.0.0.tgz#19203fb59991df98e3a287050d4647cdeaf32499"
  integrity sha512-RdJUflcE3cUzKiMqQgsCu06FPu9UdIJO0beYbPhHN4k6apgJtifcoCtT9bcxOpYBtpD2kCM6Sbzg4CausW/PKQ==

json-url@^3.0.0:
  version "3.0.0"
  resolved "https://registry.yarnpkg.com/json-url/-/json-url-3.0.0.tgz#454fbca31342984c3f4ca8ebc6e53c89f4f7bd29"
  integrity sha512-c5iQnrKGNJ4/qAV1APNFHBDSgB0qgekmcVTBV3RRa2UUw8liUIrUvI3+Om7qtnM8JwobnEsPuAWMYmtCfxSkcw==
  dependencies:
    "@babel/runtime-corejs2" "^7.0.0"
    bluebird "^3.0.6"
    lz-string "^1.4.4"
    lzma "^2.3.2"
    msgpack5 "^4.2.1"
    node-lzw "^0.3.1"
    urlsafe-base64 "^1.0.0"

loose-envify@^1.1.0:
  version "1.4.0"
  resolved "https://registry.yarnpkg.com/loose-envify/-/loose-envify-1.4.0.tgz#71ee51fa7be4caec1a63839f7e682d8132d30caf"
  integrity sha512-lyuxPGr/Wfhrlem2CL/UcnUc1zcqKAImBDzukY7Y5F/yQiNdko6+fRLevlw1HgMySw7f611UIY408EtxRSoK3Q==
  dependencies:
    js-tokens "^3.0.0 || ^4.0.0"

lru-cache@^5.1.1:
  version "5.1.1"
  resolved "https://registry.yarnpkg.com/lru-cache/-/lru-cache-5.1.1.tgz#1da27e6710271947695daf6848e847f01d84b920"
  integrity sha512-KpNARQA3Iwv+jTA0utUVVbrh+Jlrr1Fv0e56GGzAFOXN7dk/FviaDW8LHmK52DlcH4WP2n6gI8vN1aesBFgo9w==
  dependencies:
    yallist "^3.0.2"

lz-string@^1.4.4:
  version "1.4.4"
  resolved "https://registry.yarnpkg.com/lz-string/-/lz-string-1.4.4.tgz#c0d8eaf36059f705796e1e344811cf4c498d3a26"
  integrity sha1-wNjq82BZ9wV5bh40SBHPTEmNOiY=

lz77@^1.1.0:
  version "1.1.0"
  resolved "https://registry.yarnpkg.com/lz77/-/lz77-1.1.0.tgz#16f330a14c7df5892da82480c0b6cfecbcca77e3"
  integrity sha1-FvMwoUx99YktqCSAwLbP7LzKd+M=

lzma@^2.3.2:
  version "2.3.2"
  resolved "https://registry.yarnpkg.com/lzma/-/lzma-2.3.2.tgz#3783b24858b9c0e747a0df3cbf1fb5fcaa92c441"
  integrity sha1-N4OySFi5wOdHoN88vx+1/KqSxEE=

minimatch@^3.0.4:
  version "3.0.4"
  resolved "https://registry.yarnpkg.com/minimatch/-/minimatch-3.0.4.tgz#5166e286457f03306064be5497e8dbb0c3d32083"
  integrity sha512-yJHVQEhyqPLUTgt9B83PXu6W3rx4MvvHvSUvToogpwoGDOUQ+yDrR0HRot+yOCdCO7u4hX3pWft6kWBBcqh0UA==
  dependencies:
    brace-expansion "^1.1.7"

monaco-editor@^0.21.2:
  version "0.21.3"
  resolved "https://registry.yarnpkg.com/monaco-editor/-/monaco-editor-0.21.3.tgz#3381b66614b64d1c5e3b77dd5564ad496d1b4e5d"
  integrity sha512-9N7wATLpi+googstvtm6IKg97vPQ77FDYEpkow5tLriM/VJ0DaTRyUP4UVzcoH7KlPDX+e/rE7/imcOUeGkT6g==

monaco-editor@^0.25.2:
  version "0.25.2"
  resolved "https://registry.yarnpkg.com/monaco-editor/-/monaco-editor-0.25.2.tgz#119e2b15bbd968a1a99c03cac9c329316d7c37e9"
  integrity sha512-5iylzSJevCnzJn9UVsW8yOZ3yHjmAs4TfvH3zsbftKiFKmHG0xirGN6DK9Kk04VSWxYCZZAIafYJoNJJMAU1KA==

monaco-languages@^2.1.1:
  version "2.5.0"
  resolved "https://registry.yarnpkg.com/monaco-languages/-/monaco-languages-2.5.0.tgz#9bef3f59729980ea4375c1e01547e732d4267323"
  integrity sha512-nwVv15bM/RJFoW/17CQ9XN8N3pzx+JEX8zNGBIpPrHpuPM47XkPzzh//MiLdEM9eoYf0xUQpbv3ZFbHqtiCu8A==

monaco-textmate@^3.0.1:
  version "3.0.1"
  resolved "https://registry.yarnpkg.com/monaco-textmate/-/monaco-textmate-3.0.1.tgz#b6d26d266aa12edaff7069dae0d6e3747cba5cd7"
  integrity sha512-ZxxY3OsqUczYP1sGqo97tu+CJmMBwuSW+dL0WEBdDhOZ5G1zntw72hvBc68ZQAirosWvbDKgN1dL5k173QtFww==
  dependencies:
    fast-plist "^0.1.2"

msgpack5@^4.2.1:
  version "4.5.1"
  resolved "https://registry.yarnpkg.com/msgpack5/-/msgpack5-4.5.1.tgz#2da4dba4ea20c09fd4309c9c04f046e38cb4975e"
  integrity sha512-zC1vkcliryc4JGlL6OfpHumSYUHWFGimSI+OgfRCjTFLmKA2/foR9rMTOhWiqfOrfxJOctrpWPvrppf8XynJxw==
  dependencies:
    bl "^2.0.1"
    inherits "^2.0.3"
    readable-stream "^2.3.6"
    safe-buffer "^5.1.2"

nanoid@^3.1.23:
  version "3.1.23"
  resolved "https://registry.yarnpkg.com/nanoid/-/nanoid-3.1.23.tgz#f744086ce7c2bc47ee0a8472574d5c78e4183a81"
  integrity sha512-FiB0kzdP0FFVGDKlRLEQ1BgDzU87dy5NnzjeW9YZNt+/c3+q82EQDUwniSAUxp/F0gFNI1ZhKU1FqYsMuqZVnw==

node-lzw@^0.3.1:
  version "0.3.1"
  resolved "https://registry.yarnpkg.com/node-lzw/-/node-lzw-0.3.1.tgz#f50e37968976aca83320028b91f101df4a436b2d"
  integrity sha1-9Q43lol2rKgzIAKLkfEB30pDay0=

nullthrows@^1.0.0:
  version "1.1.1"
  resolved "https://registry.yarnpkg.com/nullthrows/-/nullthrows-1.1.1.tgz#7818258843856ae971eae4208ad7d7eb19a431b1"
  integrity sha512-2vPPEi+Z7WqML2jZYddDIfy5Dqb0r2fze2zTxNNknZaFpVHU3mFB3R+DWeJWGVx0ecvttSGlJTI+WG+8Z4cDWw==

object-assign@^4.1.1:
  version "4.1.1"
  resolved "https://registry.yarnpkg.com/object-assign/-/object-assign-4.1.1.tgz#2109adc7965887cfc05cbbd442cac8bfbb360863"
  integrity sha1-IQmtx5ZYh8/AXLvUQsrIv7s2CGM=

once@^1.3.0:
  version "1.4.0"
  resolved "https://registry.yarnpkg.com/once/-/once-1.4.0.tgz#583b1aa775961d4b113ac17d9c50baef9dd76bd1"
  integrity sha1-WDsap3WWHUsROsF9nFC6753Xa9E=
  dependencies:
    wrappy "1"

onigasm@^2.2.5:
  version "2.2.5"
  resolved "https://registry.yarnpkg.com/onigasm/-/onigasm-2.2.5.tgz#cc4d2a79a0fa0b64caec1f4c7ea367585a676892"
  integrity sha512-F+th54mPc0l1lp1ZcFMyL/jTs2Tlq4SqIHKIXGZOR/VkHkF9A7Fr5rRr5+ZG/lWeRsyrClLYRq7s/yFQ/XhWCA==
  dependencies:
    lru-cache "^5.1.1"

path-is-absolute@^1.0.0:
  version "1.0.1"
  resolved "https://registry.yarnpkg.com/path-is-absolute/-/path-is-absolute-1.0.1.tgz#174b9268735534ffbc7ace6bf53a5a9e1b5c5f5f"
  integrity sha1-F0uSaHNVNP+8es5r9TpanhtcX18=

path-parse@^1.0.6:
  version "1.0.7"
  resolved "https://registry.yarnpkg.com/path-parse/-/path-parse-1.0.7.tgz#fbc114b60ca42b30d9daf5858e4bd68bbedb6735"
  integrity sha512-LDJzPVEEEPR+y48z93A0Ed0yXb8pAByGWo/k5YYdYgpY2/2EsOsksJrq7lOHxryrVOn1ejG6oAp8ahvOIQD8sw==

postcss@^8.3.4:
  version "8.3.5"
  resolved "https://registry.yarnpkg.com/postcss/-/postcss-8.3.5.tgz#982216b113412bc20a86289e91eb994952a5b709"
  integrity sha512-NxTuJocUhYGsMiMFHDUkmjSKT3EdH4/WbGF6GCi1NDGk+vbcUTun4fpbOqaPtD8IIsztA2ilZm2DhYCuyN58gA==
  dependencies:
    colorette "^1.2.2"
    nanoid "^3.1.23"
    source-map-js "^0.6.2"

process-nextick-args@~2.0.0:
  version "2.0.1"
  resolved "https://registry.yarnpkg.com/process-nextick-args/-/process-nextick-args-2.0.1.tgz#7820d9b16120cc55ca9ae7792680ae7dba6d7fe2"
  integrity sha512-3ouUOpQhtgrbOa17J7+uxOTpITYWaGP7/AhoR3+A+/1e9skrzelGi/dXzEYyvbxubEF6Wn2ypscTKiKJFFn1ag==

react-dom@^18.0.0-alpha-568dc3532:
  version "18.0.0-alpha-568dc3532"
  resolved "https://registry.yarnpkg.com/react-dom/-/react-dom-18.0.0-alpha-568dc3532.tgz#b4575d5f7fbdfb83db2c06bee4ab4040f16fb44e"
  integrity sha512-Q8eeLund7J6r7nrYprr4/4Dr3QtfQ3O8bHtEDc1GDUu3JkKZu5/rTCITvdcHcs0QUKBDlfn/x2mBosRbBkB27A==
  dependencies:
    loose-envify "^1.1.0"
    object-assign "^4.1.1"
    scheduler "0.21.0-alpha-568dc3532"

react@^18.0.0-alpha-568dc3532:
  version "18.0.0-alpha-568dc3532"
  resolved "https://registry.yarnpkg.com/react/-/react-18.0.0-alpha-568dc3532.tgz#7b66ca7b68f9ee65751211601bfe52541bee33a2"
  integrity sha512-0mBgt3ILZoV1JQ5bohwI0vfyYxChmmY1u9g7Wg4ObnDci+nGrgtOAxRgyQMGYhV9da7yWgsIVJiKJFVFgVIVdA==
  dependencies:
    loose-envify "^1.1.0"
    object-assign "^4.1.1"

readable-stream@^2.3.5, readable-stream@^2.3.6:
  version "2.3.7"
  resolved "https://registry.yarnpkg.com/readable-stream/-/readable-stream-2.3.7.tgz#1eca1cf711aef814c04f62252a36a62f6cb23b57"
  integrity sha512-Ebho8K4jIbHAxnuxi7o42OrZgF/ZTNcsZj6nRKyUmkhLFq8CHItp/fy6hQZuZmP/n3yZ9VBUbp4zz/mX8hmYPw==
  dependencies:
    core-util-is "~1.0.0"
    inherits "~2.0.3"
    isarray "~1.0.0"
    process-nextick-args "~2.0.0"
    safe-buffer "~5.1.1"
    string_decoder "~1.1.1"
    util-deprecate "~1.0.1"

regenerator-runtime@^0.13.4:
  version "0.13.7"
  resolved "https://registry.yarnpkg.com/regenerator-runtime/-/regenerator-runtime-0.13.7.tgz#cac2dacc8a1ea675feaabaeb8ae833898ae46f55"
  integrity sha512-a54FxoJDIr27pgf7IgeQGxmqUNYrcV338lf/6gH456HZ/PhX+5BcwHXG9ajESmwe6WRO0tAzRUrRmNONWgkrew==

resolve@^1.20.0:
  version "1.20.0"
  resolved "https://registry.yarnpkg.com/resolve/-/resolve-1.20.0.tgz#629a013fb3f70755d6f0b7935cc1c2c5378b1975"
  integrity sha512-wENBPt4ySzg4ybFQW2TT1zMQucPK95HSh/nq2CFTZVOGut2+pQvSsgtda4d26YrYcr067wjbmzOG8byDPBX63A==
  dependencies:
    is-core-module "^2.2.0"
    path-parse "^1.0.6"

rollup@^2.38.5:
  version "2.52.2"
  resolved "https://registry.yarnpkg.com/rollup/-/rollup-2.52.2.tgz#a7e90d10ddae3e8472c2857bd9f44b09ef34a47a"
  integrity sha512-4RlFC3k2BIHlUsJ9mGd8OO+9Lm2eDF5P7+6DNQOp5sx+7N/1tFM01kELfbxlMX3MxT6owvLB1ln4S3QvvQlbUA==
  optionalDependencies:
    fsevents "~2.3.2"

safe-buffer@^5.1.1, safe-buffer@^5.1.2:
  version "5.2.1"
  resolved "https://registry.yarnpkg.com/safe-buffer/-/safe-buffer-5.2.1.tgz#1eaf9fa9bdb1fdd4ec75f58f9cdb4e6b7827eec6"
  integrity sha512-rp3So07KcdmmKbGvgaNxQSJr7bGVSVk5S9Eq1F+ppbRo70+YeaDxkw5Dd8NPN+GD6bjnYm2VuPuCXmpuYvmCXQ==

safe-buffer@~5.1.0, safe-buffer@~5.1.1:
  version "5.1.2"
  resolved "https://registry.yarnpkg.com/safe-buffer/-/safe-buffer-5.1.2.tgz#991ec69d296e0313747d59bdfd2b745c35f8828d"
  integrity sha512-Gd2UZBJDkXlY7GbJxfsE8/nvKkUEU1G38c1siN6QP6a9PT9MmHB8GnpscSmMJSoF8LOIrt8ud/wPtojys4G6+g==

scheduler@0.21.0-alpha-568dc3532:
  version "0.21.0-alpha-568dc3532"
  resolved "https://registry.yarnpkg.com/scheduler/-/scheduler-0.21.0-alpha-568dc3532.tgz#e7c0c17df9b48f60795b42c4f282c310553b43e1"
  integrity sha512-FvCPovtnBwPuN37Gw8FiODNoi6VLZb60IuotEyZTv11mTg7nDRIswG6SP3Gep193CHBN6Et8GHt6oVX6yoRUDg==
  dependencies:
    loose-envify "^1.1.0"
    object-assign "^4.1.1"

scope-eval@^1.0.0:
  version "1.0.0"
  resolved "https://registry.yarnpkg.com/scope-eval/-/scope-eval-1.0.0.tgz#e182db1a1ef26f3e79d4bf48423b25e22839f0ff"
  integrity sha1-4YLbGh7ybz551L9IQjsl4ig58P8=

simple-swizzle@^0.2.2:
  version "0.2.2"
  resolved "https://registry.yarnpkg.com/simple-swizzle/-/simple-swizzle-0.2.2.tgz#a4da6b635ffcccca33f70d17cb92592de95e557a"
  integrity sha1-pNprY1/8zMoz9w0Xy5JZLeleVXo=
  dependencies:
    is-arrayish "^0.3.1"

source-map-js@^0.6.2:
  version "0.6.2"
  resolved "https://registry.yarnpkg.com/source-map-js/-/source-map-js-0.6.2.tgz#0bb5de631b41cfbda6cfba8bd05a80efdfd2385e"
  integrity sha512-/3GptzWzu0+0MBQFrDKzw/DvvMTUORvgY6k6jd/VS6iCR4RDTKWH6v6WPwQoUO8667uQEf9Oe38DxAYWY5F/Ug==

sql.js@^1.5.0:
  version "1.5.0"
  resolved "https://registry.yarnpkg.com/sql.js/-/sql.js-1.5.0.tgz#6625c3e41115194f6bfab80a5e53647f1378c3fb"
  integrity sha512-Qqr6HgX/hCDpLFWdN0BNoNpYQ2c1tOl1c3HGI0cshjaFSAWszKICuLZ9CyFUvRFPpEGW8RzHzwuXWWvXVGTKBg==

state-local@^1.0.6:
  version "1.0.7"
  resolved "https://registry.yarnpkg.com/state-local/-/state-local-1.0.7.tgz#da50211d07f05748d53009bee46307a37db386d5"
  integrity sha512-HTEHMNieakEnoe33shBYcZ7NX83ACUjCu8c40iOGEZsngj9zRnkqS9j1pqQPXwobB0ZcVTk27REb7COQ0UR59w==

string_decoder@~1.1.1:
  version "1.1.1"
  resolved "https://registry.yarnpkg.com/string_decoder/-/string_decoder-1.1.1.tgz#9cf1611ba62685d7030ae9e4ba34149c3af03fc8"
  integrity sha512-n/ShnvDi6FHbbVfviro+WojiFzv+s8MPMHBczVePfUpDJLwoLT0ht1l4YwBCbi8pJAveEEdnkHyPyTP/mzRfwg==
  dependencies:
    safe-buffer "~5.1.0"

typescript@^4.3.4:
  version "4.3.4"
  resolved "https://registry.yarnpkg.com/typescript/-/typescript-4.3.4.tgz#3f85b986945bcf31071decdd96cf8bfa65f9dcbc"
  integrity sha512-uauPG7XZn9F/mo+7MrsRjyvbxFpzemRjKEZXS4AK83oP2KKOJPvb+9cO/gmnv8arWZvhnjVOXz7B49m1l0e9Ew==

urlsafe-base64@^1.0.0:
  version "1.0.0"
  resolved "https://registry.yarnpkg.com/urlsafe-base64/-/urlsafe-base64-1.0.0.tgz#23f89069a6c62f46cf3a1d3b00169cefb90be0c6"
  integrity sha1-I/iQaabGL0bPOh07ABac77kL4MY=

use-debounce@^3.4.2:
  version "3.4.3"
  resolved "https://registry.yarnpkg.com/use-debounce/-/use-debounce-3.4.3.tgz#5df9322322b3f1b1c263d46413f9facf6d8b56ab"
  integrity sha512-nxy+opOxDccWfhMl36J5BSCTpvcj89iaQk2OZWLAtBJQj7ISCtx1gh+rFbdjGfMl6vtCZf6gke/kYvrkVfHMoA==

use-deep-compare-effect@^1.3.1:
  version "1.6.1"
  resolved "https://registry.yarnpkg.com/use-deep-compare-effect/-/use-deep-compare-effect-1.6.1.tgz#061a0ac5400aa0461e33dddfaa2a98bca873182a"
  integrity sha512-VB3b+7tFI81dHm8buGyrpxi8yBhzYZdyMX9iBJra7SMFMZ4ci4FJ1vFc1nvChiB1iLv4GfjqaYfvbNEpTT1rFQ==
  dependencies:
    "@babel/runtime" "^7.12.5"
    "@types/react" "^17.0.0"
    dequal "^2.0.2"

use-monaco@^0.0.40:
  version "0.0.40"
  resolved "https://registry.yarnpkg.com/use-monaco/-/use-monaco-0.0.40.tgz#df28375c878da9aee145f80bf0c08ccb708e9ae7"
  integrity sha512-TN2/1bfWhRo6Pn7NOJ3gdH8xH+GEUhf6EyaBjj9Pb5zA41qdakk3bKoR8BZERwukmq620KiJXxZ8adeLJjEShg==
  dependencies:
    color "^3.1.3"
    create-hook-context "^1.0.0"
    deepmerge "^4.2.2"
    dequal "^2.0.2"
    dot-object "^2.1.4"
    graphql-language-service "^3.0.4"
    graphql-language-service-types "^1.6.3"
    monaco-editor "^0.21.2"
    monaco-languages "^2.1.1"
    monaco-textmate "^3.0.1"
    onigasm "^2.2.5"
    scope-eval "^1.0.0"
    use-debounce "^3.4.2"
    use-deep-compare-effect "^1.3.1"

util-deprecate@~1.0.1:
  version "1.0.2"
  resolved "https://registry.yarnpkg.com/util-deprecate/-/util-deprecate-1.0.2.tgz#450d4dc9fa70de732762fbd2d4a28981419a0ccf"
  integrity sha1-RQ1Nyfpw3nMnYvvS1KKJgUGaDM8=

vite@^2.3.8:
  version "2.3.8"
  resolved "https://registry.yarnpkg.com/vite/-/vite-2.3.8.tgz#42e3e03953859fd410e4e6ab3d1cca0aab2adc3c"
  integrity sha512-QiEx+iqNnJntSgSF2fWRQvRey9pORIrtNJzNyBJXwc+BdzWs83FQolX84cTBo393cfhObrtWa6180dAa4NLDiQ==
  dependencies:
    esbuild "^0.12.8"
    postcss "^8.3.4"
    resolve "^1.20.0"
    rollup "^2.38.5"
  optionalDependencies:
    fsevents "~2.3.2"

vscode-languageserver-types@^3.15.1:
  version "3.16.0"
  resolved "https://registry.yarnpkg.com/vscode-languageserver-types/-/vscode-languageserver-types-3.16.0.tgz#ecf393fc121ec6974b2da3efb3155644c514e247"
  integrity sha512-k8luDIWJWyenLc5ToFQQMaSrqCHiLwyKPHKPQZ5zz21vM+vIVUSvsRpcbiECH4WR88K2XZqc4ScRcZ7nk/jbeA==

wrappy@1:
  version "1.0.2"
  resolved "https://registry.yarnpkg.com/wrappy/-/wrappy-1.0.2.tgz#b5243d8f3ec1aa35f1364605bc0d1036e30ab69f"
  integrity sha1-tSQ9jz7BqjXxNkYFvA0QNuMKtp8=

yallist@^3.0.2:
  version "3.1.1"
  resolved "https://registry.yarnpkg.com/yallist/-/yallist-3.1.1.tgz#dbb7daf9bfd8bac9ab45ebf602b8cbad0d5d08fd"
  integrity sha512-a4UGQaWPH59mOXUYnAG2ewncQS4i4F43Tv3JoAM+s2VDAmS9NsK8GpDMLrCHPksFT7h3K6TOoUNn2pb7RoXx4g==
